
Microsoft Visual Studio Solution File, Format Version 12.00
# Visual Studio Version 16
VisualStudioVersion = 16.0.31605.320
MinimumVisualStudioVersion = 10.0.40219.1
Project("{9A19103F-16F7-4668-BE54-9A1E7A4F7556}") = "CarePlanWebApi", "CarePlanWebApi\CarePlanWebApi.csproj", "{E0A3F03C-6EA5-4329-B417-642853A307F7}"
EndProject
Project("{9A19103F-16F7-4668-BE54-9A1E7A4F7556}") = "DataLayer", "DataLayer\DataLayer.csproj", "{4EDA6B6B-8EE2-4652-A3A6-E97A22EE61FB}"
EndProject
Project("{FAE04EC0-301F-11D3-BF4B-00C04F79EFBC}") = "CarePlanWebSite", "CarePlanWebSite\CarePlanWebSite.csproj", "{38F09A70-893A-48B4-8AA4-422611F53AAD}"
EndProject
Global
	GlobalSection(SolutionConfigurationPlatforms) = preSolution
		Debug|Any CPU = Debug|Any CPU
		Release|Any CPU = Release|Any CPU
	EndGlobalSection
	GlobalSection(ProjectConfigurationPlatforms) = postSolution
		{E0A3F03C-6EA5-4329-B417-642853A307F7}.Debug|Any CPU.ActiveCfg = Debug|Any CPU
		{E0A3F03C-6EA5-4329-B417-642853A307F7}.Debug|Any CPU.Build.0 = Debug|Any CPU
		{E0A3F03C-6EA5-4329-B417-642853A307F7}.Release|Any CPU.ActiveCfg = Release|Any CPU
		{E0A3F03C-6EA5-4329-B417-642853A307F7}.Release|Any CPU.Build.0 = Release|Any CPU
		{4EDA6B6B-8EE2-4652-A3A6-E97A22EE61FB}.Debug|Any CPU.ActiveCfg = Debug|Any CPU
		{4EDA6B6B-8EE2-4652-A3A6-E97A22EE61FB}.Debug|Any CPU.Build.0 = Debug|Any CPU
		{4EDA6B6B-8EE2-4652-A3A6-E97A22EE61FB}.Release|Any CPU.ActiveCfg = Release|Any CPU
		{4EDA6B6B-8EE2-4652-A3A6-E97A22EE61FB}.Release|Any CPU.Build.0 = Release|Any CPU
		{38F09A70-893A-48B4-8AA4-422611F53AAD}.Debug|Any CPU.ActiveCfg = Debug|Any CPU
		{38F09A70-893A-48B4-8AA4-422611F53AAD}.Debug|Any CPU.Build.0 = Debug|Any CPU
		{38F09A70-893A-48B4-8AA4-422611F53AAD}.Release|Any CPU.ActiveCfg = Release|Any CPU
		{38F09A70-893A-48B4-8AA4-422611F53AAD}.Release|Any CPU.Build.0 = Release|Any CPU
	EndGlobalSection
	GlobalSection(SolutionProperties) = preSolution
		HideSolutionNode = FALSE
	EndGlobalSection
	GlobalSection(ExtensibilityGlobals) = postSolution
		SolutionGuid = {7B19D14C-BFBC-4643-9E5C-2D6F62326F30}
	EndGlobalSection
EndGlobal
